PODS:
  - AudioKit (4.5.5):
    - AudioKit/Core (= 4.5.5)
    - AudioKit/UI (= 4.5.5)
  - AudioKit/Core (4.5.5)
  - AudioKit/UI (4.5.5):
    - AudioKit/Core

DEPENDENCIES:
  - AudioKit (~> 4.5)

SPEC REPOS:
  https://github.com/cocoapods/specs.git:
    - AudioKit

SPEC CHECKSUMS:
  AudioKit: fa163632454ff463d5f02c479e4c1fb99f2c9d44

PODFILE CHECKSUM: 00219cd4dd31ed59ed810822d364b13a606e731d

COCOAPODS: 1.5.3
